// !$*UTF8*$!
{
	archiveVersion = 1;
	classes = {
	};
	objectVersion = 50;
	objects = {

/* Begin PBXBuildFile section */
		4EFF87A52201651600036641 /* AppDelegate.swift in Sources */ = {isa = PBXBuildFile; fileRef = 4EFF87A42201651600036641 /* AppDelegate.swift */; };
		4EFF87A72201651600036641 /* ViewController.swift in Sources */ = {isa = PBXBuildFile; fileRef = 4EFF87A62201651600036641 /* ViewController.swift */; };
		4EFF87AA2201651600036641 /* Main.storyboard in Resources */ = {isa = PBXBuildFile; fileRef = 4EFF87A82201651600036641 /* Main.storyboard */; };
		4EFF87AD2201651600036641 /* CultureBump.xcdatamodeld in Sources */ = {isa = PBXBuildFile; fileRef = 4EFF87AB2201651600036641 /* CultureBump.xcdatamodeld */; };
		4EFF87AF2201651800036641 /* Assets.xcassets in Resources */ = {isa = PBXBuildFile; fileRef = 4EFF87AE2201651800036641 /* Assets.xcassets */; };
		4EFF87B22201651800036641 /* LaunchScreen.storyboard in Resources */ = {isa = PBXBuildFile; fileRef = 4EFF87B02201651800036641 /* LaunchScreen.storyboard */; };
		4EFF87BD2201651800036641 /* CultureBumpTests.swift in Sources */ = {isa = PBXBuildFile; fileRef = 4EFF87BC2201651800036641 /* CultureBumpTests.swift */; };
		4EFF87C82201651800036641 /* CultureBumpUITests.swift in Sources */ = {isa = PBXBuildFile; fileRef = 4EFF87C72201651800036641 /* CultureBumpUITests.swift */; };
/* End PBXBuildFile section */

/* Begin PBXContainerItemProxy section */
		4EFF87B92201651800036641 /* PBXContainerItemProxy */ = {
			isa = PBXContainerItemProxy;
			containerPortal = 4EFF87992201651600036641 /* Project object */;
			proxyType = 1;
			remoteGlobalIDString = 4EFF87A02201651600036641;
			remoteInfo = CultureBump;
		};
		4EFF87C42201651800036641 /* PBXContainerItemProxy */ = {
			isa = PBXContainerItemProxy;
			containerPortal = 4EFF87992201651600036641 /* Project object */;
			proxyType = 1;
			remoteGlobalIDString = 4EFF87A02201651600036641;
			remoteInfo = CultureBump;
		};
/* End PBXContainerItemProxy section */

/* Begin PBXFileReference section */
		4EFF87A12201651600036641 /* CultureBump.app */ = {isa = PBXFileReference; explicitFileType = wrapper.application; includeInIndex = 0; path = CultureBump.app; sourceTree = BUILT_PRODUCTS_DIR; };
		4EFF87A42201651600036641 /* AppDelegate.swift */ = {isa = PBXFileReference; lastKnownFileType = sourcecode.swift; path = AppDelegate.swift; sourceTree = "<group>"; };
		4EFF87A62201651600036641 /* ViewController.swift */ = {isa = PBXFileReference; lastKnownFileType = sourcecode.swift; path = ViewController.swift; sourceTree = "<group>"; };
		4EFF87A92201651600036641 /* Base */ = {isa = PBXFileReference; lastKnownFileType = file.storyboard; name = Base; path = Base.lproj/Main.storyboard; sourceTree = "<group>"; };
		4EFF87AC2201651600036641 /* CultureBump.xcdatamodel */ = {isa = PBXFileReference; lastKnownFileType = wrapper.xcdatamodel; path = CultureBump.xcdatamodel; sourceTree = "<group>"; };
		4EFF87AE2201651800036641 /* Assets.xcassets */ = {isa = PBXFileReference; lastKnownFileType = folder.assetcatalog; path = Assets.xcassets; sourceTree = "<group>"; };
		4EFF87B12201651800036641 /* Base */ = {isa = PBXFileReference; lastKnownFileType = file.storyboard; name = Base; path = Base.lproj/LaunchScreen.storyboard; sourceTree = "<group>"; };
		4EFF87B32201651800036641 /* Info.plist */ = {isa = PBXFileReference; lastKnownFileType = text.plist.xml; path = Info.plist; sourceTree = "<group>"; };
		4EFF87B82201651800036641 /* CultureBumpTests.xctest */ = {isa = PBXFileReference; explicitFileType = wrapper.cfbundle; includeInIndex = 0; path = CultureBumpTests.xctest; sourceTree = BUILT_PRODUCTS_DIR; };
		4EFF87BC2201651800036641 /* CultureBumpTests.swift */ = {isa = PBXFileReference; lastKnownFileType = sourcecode.swift; path = CultureBumpTests.swift; sourceTree = "<group>"; };
		4EFF87BE2201651800036641 /* Info.plist */ = {isa = PBXFileReference; lastKnownFileType = text.plist.xml; path = Info.plist; sourceTree = "<group>"; };
		4EFF87C32201651800036641 /* CultureBumpUITests.xctest */ = {isa = PBXFileReference; explicitFileType = wrapper.cfbundle; includeInIndex = 0; path = CultureBumpUITests.xctest; sourceTree = BUILT_PRODUCTS_DIR; };
		4EFF87C72201651800036641 /* CultureBumpUITests.swift */ = {isa = PBXFileReference; lastKnownFileType = sourcecode.swift; path = CultureBumpUITests.swift; sourceTree = "<group>"; };
		4EFF87C92201651800036641 /* Info.plist */ = {isa = PBXFileReference; lastKnownFileType = text.plist.xml; path = Info.plist; sourceTree = "<group>"; };
/* End PBXFileReference section */

/* Begin PBXFrameworksBuildPhase section */
		4EFF879E2201651600036641 /* Frameworks */ = {
			isa = PBXFrameworksBuildPhase;
			buildActionMask = 2147483647;
			files = (
			);
			runOnlyForDeploymentPostprocessing = 0;
		};
		4EFF87B52201651800036641 /* Frameworks */ = {
			isa = PBXFrameworksBuildPhase;
			buildActionMask = 2147483647;
			files = (
			);
			runOnlyForDeploymentPostprocessing = 0;
		};
		4EFF87C02201651800036641 /* Frameworks */ = {
			isa = PBXFrameworksBuildPhase;
			buildActionMask = 2147483647;
			files = (
			);
			runOnlyForDeploymentPostprocessing = 0;
		};
/* End PBXFrameworksBuildPhase section */

/* Begin PBXGroup section */
		4EFF87982201651600036641 = {
			isa = PBXGroup;
			children = (
				4EFF87A32201651600036641 /* CultureBump */,
				4EFF87BB2201651800036641 /* CultureBumpTests */,
				4EFF87C62201651800036641 /* CultureBumpUITests */,
				4EFF87A22201651600036641 /* Products */,
			);
			sourceTree = "<group>";
		};
		4EFF87A22201651600036641 /* Products */ = {
			isa = PBXGroup;
			children = (
				4EFF87A12201651600036641 /* CultureBump.app */,
				4EFF87B82201651800036641 /* CultureBumpTests.xctest */,
				4EFF87C32201651800036641 /* CultureBumpUITests.xctest */,
			);
			name = Products;
			sourceTree = "<group>";
		};
		4EFF87A32201651600036641 /* CultureBump */ = {
			isa = PBXGroup;
			children = (
				4EFF87A42201651600036641 /* AppDelegate.swift */,
				4EFF87A62201651600036641 /* ViewController.swift */,
				4EFF87A82201651600036641 /* Main.storyboard */,
				4EFF87AE2201651800036641 /* Assets.xcassets */,
				4EFF87B02201651800036641 /* LaunchScreen.storyboard */,
				4EFF87B32201651800036641 /* Info.plist */,
				4EFF87AB2201651600036641 /* CultureBump.xcdatamodeld */,
			);
			path = CultureBump;
			sourceTree = "<group>";
		};
		4EFF87BB2201651800036641 /* CultureBumpTests */ = {
			isa = PBXGroup;
			children = (
				4EFF87BC2201651800036641 /* CultureBumpTests.swift */,
				4EFF87BE2201651800036641 /* Info.plist */,
			);
			path = CultureBumpTests;
			sourceTree = "<group>";
		};
		4EFF87C62201651800036641 /* CultureBumpUITests */ = {
			isa = PBXGroup;
			children = (
				4EFF87C72201651800036641 /* CultureBumpUITests.swift */,
				4EFF87C92201651800036641 /* Info.plist */,
			);
			path = CultureBumpUITests;
			sourceTree = "<group>";
		};
/* End PBXGroup section */

/* Begin PBXNativeTarget section */
		4EFF87A02201651600036641 /* CultureBump */ = {
			isa = PBXNativeTarget;
			buildConfigurationList = 4EFF87CC2201651800036641 /* Build configuration list for PBXNativeTarget "CultureBump" */;
			buildPhases = (
				4EFF879D2201651600036641 /* Sources */,
				4EFF879E2201651600036641 /* Frameworks */,
				4EFF879F2201651600036641 /* Resources */,
			);
			buildRules = (
			);
			dependencies = (
			);
			name = CultureBump;
			productName = CultureBump;
			productReference = 4EFF87A12201651600036641 /* CultureBump.app */;
			productType = "com.apple.product-type.application";
		};
		4EFF87B72201651800036641 /* CultureBumpTests */ = {
			isa = PBXNativeTarget;
			buildConfigurationList = 4EFF87CF2201651800036641 /* Build configuration list for PBXNativeTarget "CultureBumpTests" */;
			buildPhases = (
				4EFF87B42201651800036641 /* Sources */,
				4EFF87B52201651800036641 /* Frameworks */,
				4EFF87B62201651800036641 /* Resources */,
			);
			buildRules = (
			);
			dependencies = (
				4EFF87BA2201651800036641 /* PBXTargetDependency */,
			);
			name = CultureBumpTests;
			productName = CultureBumpTests;
			productReference = 4EFF87B82201651800036641 /* CultureBumpTests.xctest */;
			productType = "com.apple.product-type.bundle.unit-test";
		};
		4EFF87C22201651800036641 /* CultureBumpUITests */ = {
			isa = PBXNativeTarget;
			buildConfigurationList = 4EFF87D22201651800036641 /* Build configuration list for PBXNativeTarget "CultureBumpUITests" */;
			buildPhases = (
				4EFF87BF2201651800036641 /* Sources */,
				4EFF87C02201651800036641 /* Frameworks */,
				4EFF87C12201651800036641 /* Resources */,
			);
			buildRules = (
			);
			dependencies = (
				4EFF87C52201651800036641 /* PBXTargetDependency */,
			);
			name = CultureBumpUITests;
			productName = CultureBumpUITests;
			productReference = 4EFF87C32201651800036641 /* CultureBumpUITests.xctest */;
			productType = "com.apple.product-type.bundle.ui-testing";
		};
/* End PBXNativeTarget section */

/* Begin PBXProject section */
		4EFF87992201651600036641 /* Project object */ = {
			isa = PBXProject;
			attributes = {
				LastSwiftUpdateCheck = 1010;
				LastUpgradeCheck = 1010;
				ORGANIZATIONNAME = Auburn;
				TargetAttributes = {
					4EFF87A02201651600036641 = {
						CreatedOnToolsVersion = 10.1;
					};
					4EFF87B72201651800036641 = {
						CreatedOnToolsVersion = 10.1;
						TestTargetID = 4EFF87A02201651600036641;
					};
					4EFF87C22201651800036641 = {
						CreatedOnToolsVersion = 10.1;
						TestTargetID = 4EFF87A02201651600036641;
					};
				};
			};
			buildConfigurationList = 4EFF879C2201651600036641 /* Build configuration list for PBXProject "CultureBump" */;
			compatibilityVersion = "Xcode 9.3";
			developmentRegion = en;
			hasScannedForEncodings = 0;
			knownRegions = (
				en,
				Base,
			);
			mainGroup = 4EFF87982201651600036641;
			productRefGroup = 4EFF87A22201651600036641 /* Products */;
			projectDirPath = "";
			projectRoot = "";
			targets = (
				4EFF87A02201651600036641 /* CultureBump */,
				4EFF87B72201651800036641 /* CultureBumpTests */,
				4EFF87C22201651800036641 /* CultureBumpUITests */,
			);
		};
/* End PBXProject section */

/* Begin PBXResourcesBuildPhase section */
		4EFF879F2201651600036641 /* Resources */ = {
			isa = PBXResourcesBuildPhase;
			buildActionMask = 2147483647;
			files = (
				4EFF87B22201651800036641 /* LaunchScreen.storyboard in Resources */,
				4EFF87AF2201651800036641 /* Assets.xcassets in Resources */,
				4EFF87AA2201651600036641 /* Main.storyboard in Resources */,
			);
			runOnlyForDeploymentPostprocessing = 0;
		};
		4EFF87B62201651800036641 /* Resources */ = {
			isa = PBXResourcesBuildPhase;
			buildActionMask = 2147483647;
			files = (
			);
			runOnlyForDeploymentPostprocessing = 0;
		};
		4EFF87C12201651800036641 /* Resources */ = {
			isa = PBXResourcesBuildPhase;
			buildActionMask = 2147483647;
			files = (
			);
			runOnlyForDeploymentPostprocessing = 0;
		};
/* End PBXResourcesBuildPhase section */

/* Begin PBXSourcesBuildPhase section */
		4EFF879D2201651600036641 /* Sources */ = {
			isa = PBXSourcesBuildPhase;
			buildActionMask = 2147483647;
			files = (
				4EFF87A72201651600036641 /* ViewController.swift in Sources */,
				4EFF87AD2201651600036641 /* CultureBump.xcdatamodeld in Sources */,
				4EFF87A52201651600036641 /* AppDelegate.swift in Sources */,
			);
			runOnlyForDeploymentPostprocessing = 0;
		};
		4EFF87B42201651800036641 /* Sources */ = {
			isa = PBXSourcesBuildPhase;
			buildActionMask = 2147483647;
			files = (
				4EFF87BD2201651800036641 /* CultureBumpTests.swift in Sources */,
			);
			runOnlyForDeploymentPostprocessing = 0;
		};
		4EFF87BF2201651800036641 /* Sources */ = {
			isa = PBXSourcesBuildPhase;
			buildActionMask = 2147483647;
			files = (
				4EFF87C82201651800036641 /* CultureBumpUITests.swift in Sources */,
			);
			runOnlyForDeploymentPostprocessing = 0;
		};
/* End PBXSourcesBuildPhase section */

/* Begin PBXTargetDependency section */
		4EFF87BA2201651800036641 /* PBXTargetDependency */ = {
			isa = PBXTargetDependency;
			target = 4EFF87A02201651600036641 /* CultureBump */;
			targetProxy = 4EFF87B92201651800036641 /* PBXContainerItemProxy */;
		};
		4EFF87C52201651800036641 /* PBXTargetDependency */ = {
			isa = PBXTargetDependency;
			target = 4EFF87A02201651600036641 /* CultureBump */;
			targetProxy = 4EFF87C42201651800036641 /* PBXContainerItemProxy */;
		};
/* End PBXTargetDependency section */

/* Begin PBXVariantGroup section */
		4EFF87A82201651600036641 /* Main.storyboard */ = {
			isa = PBXVariantGroup;
			children = (
				4EFF87A92201651600036641 /* Base */,
			);
			name = Main.storyboard;
			sourceTree = "<group>";
		};
		4EFF87B02201651800036641 /* LaunchScreen.storyboard */ = {
			isa = PBXVariantGroup;
			children = (
				4EFF87B12201651800036641 /* Base */,
			);
			name = LaunchScreen.storyboard;
			sourceTree = "<group>";
		};
/* End PBXVariantGroup section */

/* Begin XCBuildConfiguration section */
		4EFF87CA2201651800036641 /* Debug */ = {
			isa = XCBuildConfiguration;
			buildSettings = {
				ALWAYS_SEARCH_USER_PATHS = NO;
				CLANG_ANALYZER_NONNULL = YES;
				CLANG_ANALYZER_NUMBER_OBJECT_CONVERSION = YES_AGGRESSIVE;
				CLANG_CXX_LANGUAGE_STANDARD = "gnu++14";
				CLANG_CXX_LIBRARY = "libc++";
				CLANG_ENABLE_MODULES = YES;
				CLANG_ENABLE_OBJC_ARC = YES;
				CLANG_ENABLE_OBJC_WEAK = YES;
				CLANG_WARN_BLOCK_CAPTURE_AUTORELEASING = YES;
				CLANG_WARN_BOOL_CONVERSION = YES;
				CLANG_WARN_COMMA = YES;
				CLANG_WARN_CONSTANT_CONVERSION = YES;
				CLANG_WARN_DEPRECATED_OBJC_IMPLEMENTATIONS = YES;
				CLANG_WARN_DIRECT_OBJC_ISA_USAGE = YES_ERROR;
				CLANG_WARN_DOCUMENTATION_COMMENTS = YES;
				CLANG_WARN_EMPTY_BODY = YES;
				CLANG_WARN_ENUM_CONVERSION = YES;
				CLANG_WARN_INFINITE_RECURSION = YES;
				CLANG_WARN_INT_CONVERSION = YES;
				CLANG_WARN_NON_LITERAL_NULL_CONVERSION = YES;
				CLANG_WARN_OBJC_IMPLICIT_RETAIN_SELF = YES;
				CLANG_WARN_OBJC_LITERAL_CONVERSION = YES;
				CLANG_WARN_OBJC_ROOT_CLASS = YES_ERROR;
				CLANG_WARN_RANGE_LOOP_ANALYSIS = YES;
				CLANG_WARN_STRICT_PROTOTYPES = YES;
				CLANG_WARN_SUSPICIOUS_MOVE = YES;
				CLANG_WARN_UNGUARDED_AVAILABILITY = YES_AGGRESSIVE;
				CLANG_WARN_UNREACHABLE_CODE = YES;
				CLANG_WARN__DUPLICATE_METHOD_MATCH = YES;
				CODE_SIGN_IDENTITY = "iPhone Developer";
				COPY_PHASE_STRIP = NO;
				DEBUG_INFORMATION_FORMAT = dwarf;
				ENABLE_STRICT_OBJC_MSGSEND = YES;
				ENABLE_TESTABILITY = YES;
				GCC_C_LANGUAGE_STANDARD = gnu11;
				GCC_DYNAMIC_NO_PIC = NO;
				GCC_NO_COMMON_BLOCKS = YES;
				GCC_OPTIMIZATION_LEVEL = 0;
				GCC_PREPROCESSOR_DEFINITIONS = (
					"DEBUG=1",
					"$(inherited)",
				);
				GCC_WARN_64_TO_32_BIT_CONVERSION = YES;
				GCC_WARN_ABOUT_RETURN_TYPE = YES_ERROR;
				GCC_WARN_UNDECLARED_SELECTOR = YES;
				GCC_WARN_UNINITIALIZED_AUTOS = YES_AGGRESSIVE;
				GCC_WARN_UNUSED_FUNCTION = YES;
				GCC_WARN_UNUSED_VARIABLE = YES;
				IPHONEOS_DEPLOYMENT_TARGET = 12.1;
				MTL_ENABLE_DEBUG_INFO = INCLUDE_SOURCE;
				MTL_FAST_MATH = YES;
				ONLY_ACTIVE_ARCH = YES;
				SDKROOT = iphoneos;
				SWIFT_ACTIVE_COMPILATION_CONDITIONS = DEBUG;
				SWIFT_OPTIMIZATION_LEVEL = "-Onone";
			};
			name = Debug;
		};
		4EFF87CB2201651800036641 /* Release */ = {
			isa = XCBuildConfiguration;
			buildSettings = {
				ALWAYS_SEARCH_USER_PATHS = NO;
				CLANG_ANALYZER_NONNULL = YES;
				CLANG_ANALYZER_NUMBER_OBJECT_CONVERSION = YES_AGGRESSIVE;
				CLANG_CXX_LANGUAGE_STANDARD = "gnu++14";
				CLANG_CXX_LIBRARY = "libc++";
				CLANG_ENABLE_MODULES = YES;
				CLANG_ENABLE_OBJC_ARC = YES;
				CLANG_ENABLE_OBJC_WEAK = YES;
				CLANG_WARN_BLOCK_CAPTURE_AUTORELEASING = YES;
				CLANG_WARN_BOOL_CONVERSION = YES;
				CLANG_WARN_COMMA = YES;
				CLANG_WARN_CONSTANT_CONVERSION = YES;
				CLANG_WARN_DEPRECATED_OBJC_IMPLEMENTATIONS = YES;
				CLANG_WARN_DIRECT_OBJC_ISA_USAGE = YES_ERROR;
				CLANG_WARN_DOCUMENTATION_COMMENTS = YES;
				CLANG_WARN_EMPTY_BODY = YES;
				CLANG_WARN_ENUM_CONVERSION = YES;
				CLANG_WARN_INFINITE_RECURSION = YES;
				CLANG_WARN_INT_CONVERSION = YES;
				CLANG_WARN_NON_LITERAL_NULL_CONVERSION = YES;
				CLANG_WARN_OBJC_IMPLICIT_RETAIN_SELF = YES;
				CLANG_WARN_OBJC_LITERAL_CONVERSION = YES;
				CLANG_WARN_OBJC_ROOT_CLASS = YES_ERROR;
				CLANG_WARN_RANGE_LOOP_ANALYSIS = YES;
				CLANG_WARN_STRICT_PROTOTYPES = YES;
				CLANG_WARN_SUSPICIOUS_MOVE = YES;
				CLANG_WARN_UNGUARDED_AVAILABILITY = YES_AGGRESSIVE;
				CLANG_WARN_UNREACHABLE_CODE = YES;
				CLANG_WARN__DUPLICATE_METHOD_MATCH = YES;
				CODE_SIGN_IDENTITY = "iPhone Developer";
				COPY_PHASE_STRIP = NO;
				DEBUG_INFORMATION_FORMAT = "dwarf-with-dsym";
				ENABLE_NS_ASSERTIONS = NO;
				ENABLE_STRICT_OBJC_MSGSEND = YES;
				GCC_C_LANGUAGE_STANDARD = gnu11;
				GCC_NO_COMMON_BLOCKS = YES;
				GCC_WARN_64_TO_32_BIT_CONVERSION = YES;
				GCC_WARN_ABOUT_RETURN_TYPE = YES_ERROR;
				GCC_WARN_UNDECLARED_SELECTOR = YES;
				GCC_WARN_UNINITIALIZED_AUTOS = YES_AGGRESSIVE;
				GCC_WARN_UNUSED_FUNCTION = YES;
				GCC_WARN_UNUSED_VARIABLE = YES;
				IPHONEOS_DEPLOYMENT_TARGET = 12.1;
				MTL_ENABLE_DEBUG_INFO = NO;
				MTL_FAST_MATH = YES;
				SDKROOT = iphoneos;
				SWIFT_COMPILATION_MODE = wholemodule;
				SWIFT_OPTIMIZATION_LEVEL = "-O";
				VALIDATE_PRODUCT = YES;
			};
			name = Release;
		};
		4EFF87CD2201651800036641 /* Debug */ = {
			isa = XCBuildConfiguration;
			buildSettings = {
				ASSETCATALOG_COMPILER_APPICON_NAME = AppIcon;
				CODE_SIGN_STYLE = Automatic;
				DEVELOPMENT_TEAM = 73GM27XVPE;
				INFOPLIST_FILE = CultureBump/Info.plist;
				LD_RUNPATH_SEARCH_PATHS = (
					"$(inherited)",
					"@executable_path/Frameworks",
				);
				PRODUCT_BUNDLE_IDENTIFIER = com.Auburn.CultureBump;
				PRODUCT_NAME = "$(TARGET_NAME)";
				SWIFT_VERSION = 4.2;
				TARGETED_DEVICE_FAMILY = "1,2";
			};
			name = Debug;
		};
		4EFF87CE2201651800036641 /* Release */ = {
			isa = XCBuildConfiguration;
			buildSettings = {
				ASSETCATALOG_COMPILER_APPICON_NAME = AppIcon;
				CODE_SIGN_STYLE = Automatic;
				DEVELOPMENT_TEAM = 73GM27XVPE;
				INFOPLIST_FILE = CultureBump/Info.plist;
				LD_RUNPATH_SEARCH_PATHS = (
					"$(inherited)",
					"@executable_path/Frameworks",
				);
				PRODUCT_BUNDLE_IDENTIFIER = com.Auburn.CultureBump;
				PRODUCT_NAME = "$(TARGET_NAME)";
				SWIFT_VERSION = 4.2;
				TARGETED_DEVICE_FAMILY = "1,2";
			};
			name = Release;
		};
		4EFF87D02201651800036641 /* Debug */ = {
			isa = XCBuildConfiguration;
			buildSettings = {
				ALWAYS_EMBED_SWIFT_STANDARD_LIBRARIES = YES;
				BUNDLE_LOADER = "$(TEST_HOST)";
				CODE_SIGN_STYLE = Automatic;
				DEVELOPMENT_TEAM = 73GM27XVPE;
				INFOPLIST_FILE = CultureBumpTests/Info.plist;
				LD_RUNPATH_SEARCH_PATHS = (
					"$(inherited)",
					"@executable_path/Frameworks",
					"@loader_path/Frameworks",
				);
				PRODUCT_BUNDLE_IDENTIFIER = com.Auburn.CultureBumpTests;
				PRODUCT_NAME = "$(TARGET_NAME)";
				SWIFT_VERSION = 4.2;
				TARGETED_DEVICE_FAMILY = "1,2";
				TEST_HOST = "$(BUILT_PRODUCTS_DIR)/CultureBump.app/CultureBump";
			};
			name = Debug;
		};
		4EFF87D12201651800036641 /* Release */ = {
			isa = XCBuildConfiguration;
			buildSettings = {
				ALWAYS_EMBED_SWIFT_STANDARD_LIBRARIES = YES;
				BUNDLE_LOADER = "$(TEST_HOST)";
				CODE_SIGN_STYLE = Automatic;
				DEVELOPMENT_TEAM = 73GM27XVPE;
				INFOPLIST_FILE = CultureBumpTests/Info.plist;
				LD_RUNPATH_SEARCH_PATHS = (
					"$(inherited)",
					"@executable_path/Frameworks",
					"@loader_path/Frameworks",
				);
				PRODUCT_BUNDLE_IDENTIFIER = com.Auburn.CultureBumpTests;
				PRODUCT_NAME = "$(TARGET_NAME)";
				SWIFT_VERSION = 4.2;
				TARGETED_DEVICE_FAMILY = "1,2";
				TEST_HOST = "$(BUILT_PRODUCTS_DIR)/CultureBump.app/CultureBump";
			};
			name = Release;
		};
		4EFF87D32201651800036641 /* Debug */ = {
			isa = XCBuildConfiguration;
			buildSettings = {
				ALWAYS_EMBED_SWIFT_STANDARD_LIBRARIES = YES;
				CODE_SIGN_STYLE = Automatic;
				DEVELOPMENT_TEAM = 73GM27XVPE;
				INFOPLIST_FILE = CultureBumpUITests/Info.plist;
				LD_RUNPATH_SEARCH_PATHS = (
					"$(inherited)",
					"@executable_path/Frameworks",
					"@loader_path/Frameworks",
				);
				PRODUCT_BUNDLE_IDENTIFIER = com.Auburn.CultureBumpUITests;
				PRODUCT_NAME = "$(TARGET_NAME)";
				SWIFT_VERSION = 4.2;
				TARGETED_DEVICE_FAMILY = "1,2";
				TEST_TARGET_NAME = CultureBump;
			};
			name = Debug;
		};
		4EFF87D42201651800036641 /* Release */ = {
			isa = XCBuildConfiguration;
			buildSettings = {
				ALWAYS_EMBED_SWIFT_STANDARD_LIBRARIES = YES;
				CODE_SIGN_STYLE = Automatic;
				DEVELOPMENT_TEAM = 73GM27XVPE;
				INFOPLIST_FILE = CultureBumpUITests/Info.plist;
				LD_RUNPATH_SEARCH_PATHS = (
					"$(inherited)",
					"@executable_path/Frameworks",
					"@loader_path/Frameworks",
				);
				PRODUCT_BUNDLE_IDENTIFIER = com.Auburn.CultureBumpUITests;
				PRODUCT_NAME = "$(TARGET_NAME)";
				SWIFT_VERSION = 4.2;
				TARGETED_DEVICE_FAMILY = "1,2";
				TEST_TARGET_NAME = CultureBump;
			};
			name = Release;
		};
/* End XCBuildConfiguration section */

/* Begin XCConfigurationList section */
		4EFF879C2201651600036641 /* Build configuration list for PBXProject "CultureBump" */ = {
			isa = XCConfigurationList;
			buildConfigurations = (
				4EFF87CA2201651800036641 /* Debug */,
				4EFF87CB2201651800036641 /* Release */,
			);
			defaultConfigurationIsVisible = 0;
			defaultConfigurationName = Release;
		};
		4EFF87CC2201651800036641 /* Build configuration list for PBXNativeTarget "CultureBump" */ = {
			isa = XCConfigurationList;
			buildConfigurations = (
				4EFF87CD2201651800036641 /* Debug */,
				4EFF87CE2201651800036641 /* Release */,
			);
			defaultConfigurationIsVisible = 0;
			defaultConfigurationName = Release;
		};
		4EFF87CF2201651800036641 /* Build configuration list for PBXNativeTarget "CultureBumpTests" */ = {
			isa = XCConfigurationList;
			buildConfigurations = (
				4EFF87D02201651800036641 /* Debug */,
				4EFF87D12201651800036641 /* Release */,
			);
			defaultConfigurationIsVisible = 0;
			defaultConfigurationName = Release;
		};
		4EFF87D22201651800036641 /* Build configuration list for PBXNativeTarget "CultureBumpUITests" */ = {
			isa = XCConfigurationList;
			buildConfigurations = (
				4EFF87D32201651800036641 /* Debug */,
				4EFF87D42201651800036641 /* Release */,
			);
			defaultConfigurationIsVisible = 0;
			defaultConfigurationName = Release;
		};
/* End XCConfigurationList section */

/* Begin XCVersionGroup section */
		4EFF87AB2201651600036641 /* CultureBump.xcdatamodeld */ = {
			isa = XCVersionGroup;
			children = (
				4EFF87AC2201651600036641 /* CultureBump.xcdatamodel */,
			);
			currentVersion = 4EFF87AC2201651600036641 /* CultureBump.xcdatamodel */;
			path = CultureBump.xcdatamodeld;
			sourceTree = "<group>";
			versionGroupType = wrapper.xcdatamodel;
		};
/* End XCVersionGroup section */
	};
	rootObject = 4EFF87992201651600036641 /* Project object */;
}
